
Microsoft Visual Studio Solution File, Format Version 12.00
# Visual Studio Version 17
VisualStudioVersion = 17.14.36811.4 d17.14
MinimumVisualStudioVersion = 10.0.40219.1
Project("{FAE04EC0-301F-11D3-BF4B-00C04F79EFBC}") = "Everything", "Everything\Everything.csproj", "{A38C4C0A-585A-41AC-BFBE-AEB97A09FB0C}"
EndProject
Project("{FAE04EC0-301F-11D3-BF4B-00C04F79EFBC}") = "Core", "Core\Core.csproj", "{CA075EC4-A23A-47D5-8DFF-358680329325}"
EndProject
Global
	GlobalSection(SolutionConfigurationPlatforms) = preSolution
		Debug|Any CPU = Debug|Any CPU
		Release|Any CPU = Release|Any CPU
	EndGlobalSection
	GlobalSection(ProjectConfigurationPlatforms) = postSolution
		{A38C4C0A-585A-41AC-BFBE-AEB97A09FB0C}.Debug|Any CPU.ActiveCfg = Debug|Any CPU
		{A38C4C0A-585A-41AC-BFBE-AEB97A09FB0C}.Debug|Any CPU.Build.0 = Debug|Any CPU
		{A38C4C0A-585A-41AC-BFBE-AEB97A09FB0C}.Release|Any CPU.ActiveCfg = Release|Any CPU
		{A38C4C0A-585A-41AC-BFBE-AEB97A09FB0C}.Release|Any CPU.Build.0 = Release|Any CPU
		{CA075EC4-A23A-47D5-8DFF-358680329325}.Debug|Any CPU.ActiveCfg = Debug|Any CPU
		{CA075EC4-A23A-47D5-8DFF-358680329325}.Debug|Any CPU.Build.0 = Debug|Any CPU
		{CA075EC4-A23A-47D5-8DFF-358680329325}.Release|Any CPU.ActiveCfg = Release|Any CPU
		{CA075EC4-A23A-47D5-8DFF-358680329325}.Release|Any CPU.Build.0 = Release|Any CPU
	EndGlobalSection
	GlobalSection(SolutionProperties) = preSolution
		HideSolutionNode = FALSE
	EndGlobalSection
	GlobalSection(ExtensibilityGlobals) = postSolution
		SolutionGuid = {F0B6376D-8ABC-4A5F-9072-B56E9B6B2289}
	EndGlobalSection
EndGlobal
